
Microsoft Visual Studio Solution File, Format Version 12.00
# Visual Studio Version 17
VisualStudioVersion = 17.12.35527.113 d17.12
MinimumVisualStudioVersion = 10.0.40219.1
Project("{2150E333-8FDC-42A3-9474-1A3956D46DE8}") = "src", "src", "{5FDF24AD-DB59-40F3-ACD7-0E1CD8E19ABE}"
EndProject
Project("{FAE04EC0-301F-11D3-BF4B-00C04F79EFBC}") = "API", "API\API.csproj", "{CF7788F4-E1EF-46EF-ACA7-BFA2BEAB55AA}"
EndProject
Project("{FAE04EC0-301F-11D3-BF4B-00C04F79EFBC}") = "Application", "Application\Application.csproj", "{7AA368E7-FAB6-417B-8171-57869CA55CD3}"
EndProject
Project("{FAE04EC0-301F-11D3-BF4B-00C04F79EFBC}") = "Domain", "Domain\Domain.csproj", "{631B5399-DFE7-4B2C-8DA3-8CE24C818621}"
EndProject
Project("{FAE04EC0-301F-11D3-BF4B-00C04F79EFBC}") = "Infrastructure", "Infrastructure\Infrastructure.csproj", "{60BD77A3-B388-4909-9DA4-73B78F1AF1F6}"
EndProject
Project("{FAE04EC0-301F-11D3-BF4B-00C04F79EFBC}") = "Persistence", "Persistence\Persistence.csproj", "{26E515E7-7CEB-4F76-A39D-DE2749D9192B}"
EndProject
Project("{2150E333-8FDC-42A3-9474-1A3956D46DE8}") = "tests", "tests", "{80F23F75-4436-45FE-B5E1-5F20E8B227AA}"
EndProject
Project("{FAE04EC0-301F-11D3-BF4B-00C04F79EFBC}") = "Tests", "Tests\Tests.csproj", "{C404FA2E-1444-40F4-8ED8-6FB070021D67}"
EndProject
Project("{2150E333-8FDC-42A3-9474-1A3956D46DE8}") = "Solution Items", "Solution Items", "{9BB9550A-CCD6-4533-9D7C-28F74B6DBDFD}"
	ProjectSection(SolutionItems) = preProject
		.editorconfig = .editorconfig
		.gitignore = .gitignore
		Directory.Build.props = Directory.Build.props
		global.json = global.json
	EndProjectSection
EndProject
Global
	GlobalSection(SolutionConfigurationPlatforms) = preSolution
		Debug|Any CPU = Debug|Any CPU
		Release|Any CPU = Release|Any CPU
	EndGlobalSection
	GlobalSection(ProjectConfigurationPlatforms) = postSolution
		{CF7788F4-E1EF-46EF-ACA7-BFA2BEAB55AA}.Debug|Any CPU.ActiveCfg = Debug|Any CPU
		{CF7788F4-E1EF-46EF-ACA7-BFA2BEAB55AA}.Debug|Any CPU.Build.0 = Debug|Any CPU
		{CF7788F4-E1EF-46EF-ACA7-BFA2BEAB55AA}.Release|Any CPU.ActiveCfg = Release|Any CPU
		{CF7788F4-E1EF-46EF-ACA7-BFA2BEAB55AA}.Release|Any CPU.Build.0 = Release|Any CPU
		{7AA368E7-FAB6-417B-8171-57869CA55CD3}.Debug|Any CPU.ActiveCfg = Debug|Any CPU
		{7AA368E7-FAB6-417B-8171-57869CA55CD3}.Debug|Any CPU.Build.0 = Debug|Any CPU
		{7AA368E7-FAB6-417B-8171-57869CA55CD3}.Release|Any CPU.ActiveCfg = Release|Any CPU
		{7AA368E7-FAB6-417B-8171-57869CA55CD3}.Release|Any CPU.Build.0 = Release|Any CPU
		{631B5399-DFE7-4B2C-8DA3-8CE24C818621}.Debug|Any CPU.ActiveCfg = Debug|Any CPU
		{631B5399-DFE7-4B2C-8DA3-8CE24C818621}.Debug|Any CPU.Build.0 = Debug|Any CPU
		{631B5399-DFE7-4B2C-8DA3-8CE24C818621}.Release|Any CPU.ActiveCfg = Release|Any CPU
		{631B5399-DFE7-4B2C-8DA3-8CE24C818621}.Release|Any CPU.Build.0 = Release|Any CPU
		{60BD77A3-B388-4909-9DA4-73B78F1AF1F6}.Debug|Any CPU.ActiveCfg = Debug|Any CPU
		{60BD77A3-B388-4909-9DA4-73B78F1AF1F6}.Debug|Any CPU.Build.0 = Debug|Any CPU
		{60BD77A3-B388-4909-9DA4-73B78F1AF1F6}.Release|Any CPU.ActiveCfg = Release|Any CPU
		{60BD77A3-B388-4909-9DA4-73B78F1AF1F6}.Release|Any CPU.Build.0 = Release|Any CPU
		{26E515E7-7CEB-4F76-A39D-DE2749D9192B}.Debug|Any CPU.ActiveCfg = Debug|Any CPU
		{26E515E7-7CEB-4F76-A39D-DE2749D9192B}.Debug|Any CPU.Build.0 = Debug|Any CPU
		{26E515E7-7CEB-4F76-A39D-DE2749D9192B}.Release|Any CPU.ActiveCfg = Release|Any CPU
		{26E515E7-7CEB-4F76-A39D-DE2749D9192B}.Release|Any CPU.Build.0 = Release|Any CPU
		{C404FA2E-1444-40F4-8ED8-6FB070021D67}.Debug|Any CPU.ActiveCfg = Debug|Any CPU
		{C404FA2E-1444-40F4-8ED8-6FB070021D67}.Debug|Any CPU.Build.0 = Debug|Any CPU
		{C404FA2E-1444-40F4-8ED8-6FB070021D67}.Release|Any CPU.ActiveCfg = Release|Any CPU
		{C404FA2E-1444-40F4-8ED8-6FB070021D67}.Release|Any CPU.Build.0 = Release|Any CPU
	EndGlobalSection
	GlobalSection(SolutionProperties) = preSolution
		HideSolutionNode = FALSE
	EndGlobalSection
	GlobalSection(NestedProjects) = preSolution
		{CF7788F4-E1EF-46EF-ACA7-BFA2BEAB55AA} = {5FDF24AD-DB59-40F3-ACD7-0E1CD8E19ABE}
		{7AA368E7-FAB6-417B-8171-57869CA55CD3} = {5FDF24AD-DB59-40F3-ACD7-0E1CD8E19ABE}
		{631B5399-DFE7-4B2C-8DA3-8CE24C818621} = {5FDF24AD-DB59-40F3-ACD7-0E1CD8E19ABE}
		{60BD77A3-B388-4909-9DA4-73B78F1AF1F6} = {5FDF24AD-DB59-40F3-ACD7-0E1CD8E19ABE}
		{26E515E7-7CEB-4F76-A39D-DE2749D9192B} = {5FDF24AD-DB59-40F3-ACD7-0E1CD8E19ABE}
		{C404FA2E-1444-40F4-8ED8-6FB070021D67} = {80F23F75-4436-45FE-B5E1-5F20E8B227AA}
	EndGlobalSection
EndGlobal
